
Microsoft Visual Studio Solution File, Format Version 12.00
# Visual Studio 2013
VisualStudioVersion = 12.0.21005.1
MinimumVisualStudioVersion = 10.0.40219.1
Project("{FAE04EC0-301F-11D3-BF4B-00C04F79EFBC}") = "Shorthand.log4net.Filters", "Shorthand.log4net.Filters\Shorthand.log4net.Filters.csproj", "{D56F1E1F-CBEA-470A-9DF8-1BE6AC7F527A}"
EndProject
Project("{FAE04EC0-301F-11D3-BF4B-00C04F79EFBC}") = "Shorthand.log4net.Filters.Tests", "Shorthand.log4net.Filters.Tests\Shorthand.log4net.Filters.Tests.csproj", "{60BDDF0B-C585-4175-AAB0-F0E8D154C3C6}"
EndProject
Project("{2150E333-8FDC-42A3-9474-1A3956D46DE8}") = "Github", "Github", "{70BA7BE0-831D-448C-9A45-3725B54E9BA1}"
	ProjectSection(SolutionItems) = preProject
		.gitignore = .gitignore
		LICENSE = LICENSE
		README.md = README.md
	EndProjectSection
EndProject
Project("{2150E333-8FDC-42A3-9474-1A3956D46DE8}") = ".nuget", ".nuget", "{FAABDAC9-9F5C-4464-BCE9-45011A6FA57B}"
	ProjectSection(SolutionItems) = preProject
		.nuget\NuGet.Config = .nuget\NuGet.Config
		.nuget\NuGet.exe = .nuget\NuGet.exe
		.nuget\NuGet.targets = .nuget\NuGet.targets
		Shorthand.log4net.Filters\Shorthand.log4net.Filters.nuspec = Shorthand.log4net.Filters\Shorthand.log4net.Filters.nuspec
	EndProjectSection
EndProject
Global
	GlobalSection(SolutionConfigurationPlatforms) = preSolution
		Debug|Any CPU = Debug|Any CPU
		Release|Any CPU = Release|Any CPU
	EndGlobalSection
	GlobalSection(ProjectConfigurationPlatforms) = postSolution
		{D56F1E1F-CBEA-470A-9DF8-1BE6AC7F527A}.Debug|Any CPU.ActiveCfg = Debug|Any CPU
		{D56F1E1F-CBEA-470A-9DF8-1BE6AC7F527A}.Debug|Any CPU.Build.0 = Debug|Any CPU
		{D56F1E1F-CBEA-470A-9DF8-1BE6AC7F527A}.Release|Any CPU.ActiveCfg = Release|Any CPU
		{D56F1E1F-CBEA-470A-9DF8-1BE6AC7F527A}.Release|Any CPU.Build.0 = Release|Any CPU
		{60BDDF0B-C585-4175-AAB0-F0E8D154C3C6}.Debug|Any CPU.ActiveCfg = Debug|Any CPU
		{60BDDF0B-C585-4175-AAB0-F0E8D154C3C6}.Debug|Any CPU.Build.0 = Debug|Any CPU
		{60BDDF0B-C585-4175-AAB0-F0E8D154C3C6}.Release|Any CPU.ActiveCfg = Release|Any CPU
		{60BDDF0B-C585-4175-AAB0-F0E8D154C3C6}.Release|Any CPU.Build.0 = Release|Any CPU
	EndGlobalSection
	GlobalSection(SolutionProperties) = preSolution
		HideSolutionNode = FALSE
	EndGlobalSection
EndGlobal
